{
  "name": "@reactjs-tiptap-editor/docs",
  "version": "0.0.8",
  "lockfileVersion": 3,
  "requires": true,
  "packages": {
    "": {
      "name": "@reactjs-tiptap-editor/docs",
      "version": "0.0.8",
      "devDependencies": {
        "@nolebase/vitepress-plugin-enhanced-mark": "^2.4.0",
        "@nolebase/vitepress-plugin-enhanced-readabilities": "^2.4.0",
        "@nolebase/vitepress-plugin-highlight-targeted-heading": "^2.4.0",
        "@shikijs/transformers": "^1.13.0",
        "@shikijs/vitepress-twoslash": "^1.13.0",
        "@vitejs/plugin-vue-jsx": "^4.0.1",
        "prettier": "^2.8.8",
        "sharp": "^0.33.4",
        "shiki": "^1.13.0",
        "unocss": "^0.62.1",
        "vite": "^5.4.0",
        "vitepress": "^1.3.2",
        "vue": "^3.4.37"
      }
    },
    "../node_modules/.pnpm/@nolebase+vitepress-plugin-enhanced-mark@2.4.0_@algolia+client-search@4.24.0_@types+node@22.3_4exfszwugoztzocrszgbamr4fi/node_modules/@nolebase/vitepress-plugin-enhanced-mark": {
      "version": "2.4.0",
      "dev": true,
      "license": "MIT",
      "dependencies": {
        "less": "^4.2.0",
        "vitepress": "^1.3.1"
      }
    },
    "../node_modules/.pnpm/@nolebase+vitepress-plugin-enhanced-readabilities@2.4.0_@algolia+client-search@4.24.0_@types+_kvlwlsjqnxqqgr5l6mvrnz43tq/node_modules/@nolebase/vitepress-plugin-enhanced-readabilities": {
      "version": "2.4.0",
      "dev": true,
      "license": "MIT",
      "dependencies": {
        "@iconify-json/carbon": "^1.1.36",
        "@iconify-json/icon-park-outline": "^1.1.15",
        "@nolebase/ui": "^2.4.0",
        "less": "^4.2.0",
        "vitepress": "^1.3.1"
      },
      "devDependencies": {
        "@rollup/plugin-yaml": "^4.1.2"
      }
    },
    "../node_modules/.pnpm/@nolebase+vitepress-plugin-highlight-targeted-heading@2.4.0_@algolia+client-search@4.24.0_@ty_6lmvnbv7bbscjmv3mkpkorv6ve/node_modules/@nolebase/vitepress-plugin-highlight-targeted-heading": {
      "version": "2.4.0",
      "dev": true,
      "license": "MIT",
      "dependencies": {
        "less": "^4.2.0",
        "vitepress": "^1.3.1"
      }
    },
    "../node_modules/.pnpm/@shikijs+transformers@1.13.0/node_modules/@shikijs/transformers": {
      "version": "1.13.0",
      "dev": true,
      "license": "MIT",
      "dependencies": {
        "shiki": "1.13.0"
      }
    },
    "../node_modules/.pnpm/@shikijs+vitepress-twoslash@1.13.0_typescript@5.5.4/node_modules/@shikijs/vitepress-twoslash": {
      "version": "1.13.0",
      "dev": true,
      "license": "MIT",
      "dependencies": {
        "@shikijs/twoslash": "1.13.0",
        "floating-vue": "^5.2.2",
        "mdast-util-from-markdown": "^2.0.1",
        "mdast-util-gfm": "^3.0.0",
        "mdast-util-to-hast": "^13.2.0",
        "shiki": "1.13.0",
        "twoslash": "^0.2.9",
        "twoslash-vue": "^0.2.9",
        "vue": "^3.4.37"
      }
    },
    "../node_modules/.pnpm/@vitejs+plugin-vue-jsx@4.0.1_vite@5.4.0_@types+node@22.3.0_less@4.2.0_lightningcss@1.25.1_sas_pfcfzd3eddhqbsz6viih4oe43u/node_modules/@vitejs/plugin-vue-jsx": {
      "version": "4.0.1",
      "dev": true,
      "license": "MIT",
      "dependencies": {
        "@babel/core": "^7.24.7",
        "@babel/plugin-transform-typescript": "^7.24.7",
        "@vue/babel-plugin-jsx": "^1.2.2"
      },
      "devDependencies": {
        "vite": "^5.4.0"
      },
      "engines": {
        "node": "^18.0.0 || >=20.0.0"
      },
      "peerDependencies": {
        "vite": "^5.0.0",
        "vue": "^3.0.0"
      }
    },
    "../node_modules/.pnpm/prettier@2.8.8/node_modules/prettier": {
      "version": "2.8.8",
      "dev": true,
      "license": "MIT",
      "bin": {
        "prettier": "bin-prettier.js"
      },
      "engines": {
        "node": ">=10.13.0"
      },
      "funding": {
        "url": "https://github.com/prettier/prettier?sponsor=1"
      }
    },
    "../node_modules/.pnpm/sharp@0.33.4/node_modules/sharp": {
      "version": "0.33.4",
      "dev": true,
      "hasInstallScript": true,
      "license": "Apache-2.0",
      "dependencies": {
        "color": "^4.2.3",
        "detect-libc": "^2.0.3",
        "semver": "^7.6.0"
      },
      "devDependencies": {
        "@emnapi/runtime": "^1.1.1",
        "@img/sharp-libvips-dev": "1.0.2",
        "@img/sharp-libvips-dev-wasm32": "1.0.3",
        "@img/sharp-libvips-win32-ia32": "1.0.2",
        "@img/sharp-libvips-win32-x64": "1.0.2",
        "@types/node": "*",
        "async": "^3.2.5",
        "cc": "^3.0.1",
        "emnapi": "^1.1.1",
        "exif-reader": "^2.0.1",
        "extract-zip": "^2.0.1",
        "icc": "^3.0.0",
        "jsdoc-to-markdown": "^8.0.1",
        "license-checker": "^25.0.1",
        "mocha": "^10.4.0",
        "node-addon-api": "^8.0.0",
        "nyc": "^15.1.0",
        "prebuild": "^13.0.1",
        "semistandard": "^17.0.0",
        "tar-fs": "^3.0.6",
        "tsd": "^0.31.0"
      },
      "engines": {
        "libvips": ">=8.15.2",
        "node": "^18.17.0 || ^20.3.0 || >=21.0.0"
      },
      "funding": {
        "url": "https://opencollective.com/libvips"
      },
      "optionalDependencies": {
        "@img/sharp-darwin-arm64": "0.33.4",
        "@img/sharp-darwin-x64": "0.33.4",
        "@img/sharp-libvips-darwin-arm64": "1.0.2",
        "@img/sharp-libvips-darwin-x64": "1.0.2",
        "@img/sharp-libvips-linux-arm": "1.0.2",
        "@img/sharp-libvips-linux-arm64": "1.0.2",
        "@img/sharp-libvips-linux-s390x": "1.0.2",
        "@img/sharp-libvips-linux-x64": "1.0.2",
        "@img/sharp-libvips-linuxmusl-arm64": "1.0.2",
        "@img/sharp-libvips-linuxmusl-x64": "1.0.2",
        "@img/sharp-linux-arm": "0.33.4",
        "@img/sharp-linux-arm64": "0.33.4",
        "@img/sharp-linux-s390x": "0.33.4",
        "@img/sharp-linux-x64": "0.33.4",
        "@img/sharp-linuxmusl-arm64": "0.33.4",
        "@img/sharp-linuxmusl-x64": "0.33.4",
        "@img/sharp-wasm32": "0.33.4",
        "@img/sharp-win32-ia32": "0.33.4",
        "@img/sharp-win32-x64": "0.33.4"
      }
    },
    "../node_modules/.pnpm/shiki@1.13.0/node_modules/shiki": {
      "version": "1.13.0",
      "dev": true,
      "license": "MIT",
      "dependencies": {
        "@shikijs/core": "1.13.0",
        "@types/hast": "^3.0.4"
      },
      "devDependencies": {
        "tm-grammars": "^1.17.1",
        "tm-themes": "^1.7.0",
        "vscode-oniguruma": "^1.7.0"
      }
    },
    "../node_modules/.pnpm/unocss@0.62.1_postcss@8.4.40_rollup@4.19.1_vite@5.4.0_@types+node@22.3.0_less@4.2.0_lightning_se3vxzk7zchy2vjtk4w5woki7u/node_modules/unocss": {
      "version": "0.62.1",
      "dev": true,
      "license": "MIT",
      "dependencies": {
        "@unocss/astro": "0.62.1",
        "@unocss/cli": "0.62.1",
        "@unocss/core": "0.62.1",
        "@unocss/extractor-arbitrary-variants": "0.62.1",
        "@unocss/postcss": "0.62.1",
        "@unocss/preset-attributify": "0.62.1",
        "@unocss/preset-icons": "0.62.1",
        "@unocss/preset-mini": "0.62.1",
        "@unocss/preset-tagify": "0.62.1",
        "@unocss/preset-typography": "0.62.1",
        "@unocss/preset-uno": "0.62.1",
        "@unocss/preset-web-fonts": "0.62.1",
        "@unocss/preset-wind": "0.62.1",
        "@unocss/reset": "0.62.1",
        "@unocss/transformer-attributify-jsx": "0.62.1",
        "@unocss/transformer-attributify-jsx-babel": "0.62.1",
        "@unocss/transformer-compile-class": "0.62.1",
        "@unocss/transformer-directives": "0.62.1",
        "@unocss/transformer-variant-group": "0.62.1",
        "@unocss/vite": "0.62.1"
      },
      "devDependencies": {
        "@unocss/webpack": "0.62.1",
        "vite": "^5.4.0"
      },
      "engines": {
        "node": ">=14"
      },
      "funding": {
        "url": "https://github.com/sponsors/antfu"
      },
      "peerDependencies": {
        "@unocss/webpack": "0.62.1",
        "vite": "^2.9.0 || ^3.0.0-0 || ^4.0.0 || ^5.0.0-0"
      },
      "peerDependenciesMeta": {
        "@unocss/webpack": {
          "optional": true
        },
        "vite": {
          "optional": true
        }
      }
    },
    "../node_modules/.pnpm/vite@5.4.0_@types+node@22.3.0_less@4.2.0_lightningcss@1.25.1_sass@1.77.8_terser@5.31.3/node_modules/vite": {
      "version": "5.4.0",
      "dev": true,
      "license": "MIT",
      "dependencies": {
        "esbuild": "^0.21.3",
        "postcss": "^8.4.40",
        "rollup": "^4.13.0"
      },
      "bin": {
        "vite": "bin/vite.js"
      },
      "devDependencies": {
        "@ampproject/remapping": "^2.3.0",
        "@babel/parser": "^7.25.3",
        "@jridgewell/trace-mapping": "^0.3.25",
        "@polka/compression": "^1.0.0-next.25",
        "@rollup/plugin-alias": "^5.1.0",
        "@rollup/plugin-commonjs": "^26.0.1",
        "@rollup/plugin-dynamic-import-vars": "^2.1.2",
        "@rollup/plugin-json": "^6.1.0",
        "@rollup/plugin-node-resolve": "15.2.3",
        "@rollup/pluginutils": "^5.1.0",
        "@types/escape-html": "^1.0.4",
        "@types/pnpapi": "^0.0.5",
        "artichokie": "^0.2.1",
        "cac": "^6.7.14",
        "chokidar": "^3.6.0",
        "connect": "^3.7.0",
        "convert-source-map": "^2.0.0",
        "cors": "^2.8.5",
        "cross-spawn": "^7.0.3",
        "debug": "^4.3.6",
        "dep-types": "link:./src/types",
        "dotenv": "^16.4.5",
        "dotenv-expand": "^11.0.6",
        "es-module-lexer": "^1.5.4",
        "escape-html": "^1.0.3",
        "estree-walker": "^3.0.3",
        "etag": "^1.8.1",
        "fast-glob": "^3.3.2",
        "http-proxy": "^1.18.1",
        "launch-editor-middleware": "^2.8.1",
        "lightningcss": "^1.25.1",
        "magic-string": "^0.30.11",
        "micromatch": "^4.0.7",
        "mlly": "^1.7.1",
        "mrmime": "^2.0.0",
        "open": "^8.4.2",
        "parse5": "^7.1.2",
        "pathe": "^1.1.2",
        "periscopic": "^4.0.2",
        "picocolors": "^1.0.1",
        "picomatch": "^2.3.1",
        "postcss-import": "^16.1.0",
        "postcss-load-config": "^4.0.2",
        "postcss-modules": "^6.0.0",
        "resolve.exports": "^2.0.2",
        "rollup-plugin-dts": "^6.1.1",
        "rollup-plugin-esbuild": "^6.1.1",
        "rollup-plugin-license": "^3.5.2",
        "sass": "^1.77.8",
        "sass-embedded": "^1.77.8",
        "sirv": "^2.0.4",
        "source-map-support": "^0.5.21",
        "strip-ansi": "^7.1.0",
        "strip-literal": "^2.1.0",
        "tsconfck": "^3.1.1",
        "tslib": "^2.6.3",
        "types": "link:./types",
        "ufo": "^1.5.4",
        "ws": "^8.18.0"
      },
      "engines": {
        "node": "^18.0.0 || >=20.0.0"
      },
      "funding": {
        "url": "https://github.com/vitejs/vite?sponsor=1"
      },
      "optionalDependencies": {
        "fsevents": "~2.3.3"
      },
      "peerDependencies": {
        "@types/node": "^18.0.0 || >=20.0.0",
        "less": "*",
        "lightningcss": "^1.21.0",
        "sass": "*",
        "sass-embedded": "*",
        "stylus": "*",
        "sugarss": "*",
        "terser": "^5.4.0"
      },
      "peerDependenciesMeta": {
        "@types/node": {
          "optional": true
        },
        "less": {
          "optional": true
        },
        "lightningcss": {
          "optional": true
        },
        "sass": {
          "optional": true
        },
        "sass-embedded": {
          "optional": true
        },
        "stylus": {
          "optional": true
        },
        "sugarss": {
          "optional": true
        },
        "terser": {
          "optional": true
        }
      }
    },
    "../node_modules/.pnpm/vitepress@1.3.2_@algolia+client-search@4.24.0_@types+node@22.3.0_@types+react@18.3.3_less@4.2_uzh37xdnuxjzy4nmfnfckuooju/node_modules/vitepress": {
      "version": "1.3.2",
      "dev": true,
      "license": "MIT",
      "dependencies": {
        "@docsearch/css": "^3.6.0",
        "@docsearch/js": "^3.6.0",
        "@shikijs/core": "^1.10.3",
        "@shikijs/transformers": "^1.10.3",
        "@types/markdown-it": "^14.1.1",
        "@vitejs/plugin-vue": "^5.0.5",
        "@vue/devtools-api": "^7.3.5",
        "@vue/shared": "^3.4.31",
        "@vueuse/core": "^10.11.0",
        "@vueuse/integrations": "^10.11.0",
        "focus-trap": "^7.5.4",
        "mark.js": "8.11.1",
        "minisearch": "^7.0.0",
        "shiki": "^1.10.3",
        "vite": "^5.3.3",
        "vue": "^3.4.31"
      },
      "bin": {
        "vitepress": "bin/vitepress.js"
      },
      "devDependencies": {
        "@clack/prompts": "^0.7.0",
        "@mdit-vue/plugin-component": "^2.1.3",
        "@mdit-vue/plugin-frontmatter": "^2.1.3",
        "@mdit-vue/plugin-headers": "^2.1.3",
        "@mdit-vue/plugin-sfc": "^2.1.3",
        "@mdit-vue/plugin-title": "^2.1.3",
        "@mdit-vue/plugin-toc": "^2.1.3",
        "@mdit-vue/shared": "^2.1.3",
        "@polka/compression": "^1.0.0-next.25",
        "@rollup/plugin-alias": "^5.1.0",
        "@rollup/plugin-commonjs": "^26.0.1",
        "@rollup/plugin-json": "^6.1.0",
        "@rollup/plugin-node-resolve": "^15.2.3",
        "@rollup/plugin-replace": "^5.0.7",
        "@types/cross-spawn": "^6.0.6",
        "@types/debug": "^4.1.12",
        "@types/fs-extra": "^11.0.4",
        "@types/lodash.template": "^4.5.3",
        "@types/mark.js": "^8.11.12",
        "@types/markdown-it-attrs": "^4.1.3",
        "@types/markdown-it-container": "^2.0.10",
        "@types/markdown-it-emoji": "^3.0.1",
        "@types/micromatch": "^4.0.9",
        "@types/minimist": "^1.2.5",
        "@types/node": "^20.14.10",
        "@types/postcss-prefix-selector": "^1.16.3",
        "@types/prompts": "^2.4.9",
        "chokidar": "^3.6.0",
        "conventional-changelog-cli": "^5.0.0",
        "cross-spawn": "^7.0.3",
        "debug": "^4.3.5",
        "esbuild": "^0.23.0",
        "execa": "^9.3.0",
        "fast-glob": "^3.3.2",
        "fs-extra": "^11.2.0",
        "get-port": "^7.1.0",
        "gray-matter": "^4.0.3",
        "lint-staged": "^15.2.7",
        "lodash.template": "^4.5.0",
        "lru-cache": "^11.0.0",
        "markdown-it": "^14.1.0",
        "markdown-it-anchor": "^9.0.1",
        "markdown-it-attrs": "^4.1.6",
        "markdown-it-container": "^4.0.0",
        "markdown-it-emoji": "^3.0.0",
        "markdown-it-mathjax3": "^4.3.2",
        "micromatch": "^4.0.7",
        "minimist": "^1.2.8",
        "nanoid": "^5.0.7",
        "ora": "^8.0.1",
        "p-map": "^7.0.2",
        "path-to-regexp": "^6.2.2",
        "picocolors": "^1.0.1",
        "pkg-dir": "^8.0.0",
        "playwright-chromium": "^1.45.1",
        "polka": "^1.0.0-next.25",
        "postcss-prefix-selector": "^1.16.1",
        "prettier": "^3.3.3",
        "prompts": "^2.4.2",
        "punycode": "^2.3.1",
        "rimraf": "^6.0.1",
        "rollup": "^4.18.1",
        "rollup-plugin-dts": "^6.1.1",
        "rollup-plugin-esbuild": "^6.1.1",
        "semver": "^7.6.2",
        "simple-git-hooks": "^2.11.1",
        "sirv": "^2.0.4",
        "sitemap": "^8.0.0",
        "supports-color": "^9.4.0",
        "typescript": "^5.5.3",
        "vitest": "^2.0.2",
        "vue-tsc": "^2.0.29",
        "wait-on": "^7.2.0"
      },
      "peerDependencies": {
        "markdown-it-mathjax3": "^4",
        "postcss": "^8"
      },
      "peerDependenciesMeta": {
        "markdown-it-mathjax3": {
          "optional": true
        },
        "postcss": {
          "optional": true
        }
      }
    },
    "../node_modules/.pnpm/vue@3.4.37_typescript@5.5.4/node_modules/vue": {
      "version": "3.4.37",
      "dev": true,
      "license": "MIT",
      "dependencies": {
        "@vue/compiler-dom": "3.4.37",
        "@vue/compiler-sfc": "3.4.37",
        "@vue/runtime-dom": "3.4.37",
        "@vue/server-renderer": "3.4.37",
        "@vue/shared": "3.4.37"
      },
      "peerDependencies": {
        "typescript": "*"
      },
      "peerDependenciesMeta": {
        "typescript": {
          "optional": true
        }
      }
    },
    "node_modules/@nolebase/vitepress-plugin-enhanced-mark": {
      "resolved": "../node_modules/.pnpm/@nolebase+vitepress-plugin-enhanced-mark@2.4.0_@algolia+client-search@4.24.0_@types+node@22.3_4exfszwugoztzocrszgbamr4fi/node_modules/@nolebase/vitepress-plugin-enhanced-mark",
      "link": true
    },
    "node_modules/@nolebase/vitepress-plugin-enhanced-readabilities": {
      "resolved": "../node_modules/.pnpm/@nolebase+vitepress-plugin-enhanced-readabilities@2.4.0_@algolia+client-search@4.24.0_@types+_kvlwlsjqnxqqgr5l6mvrnz43tq/node_modules/@nolebase/vitepress-plugin-enhanced-readabilities",
      "link": true
    },
    "node_modules/@nolebase/vitepress-plugin-highlight-targeted-heading": {
      "resolved": "../node_modules/.pnpm/@nolebase+vitepress-plugin-highlight-targeted-heading@2.4.0_@algolia+client-search@4.24.0_@ty_6lmvnbv7bbscjmv3mkpkorv6ve/node_modules/@nolebase/vitepress-plugin-highlight-targeted-heading",
      "link": true
    },
    "node_modules/@shikijs/transformers": {
      "resolved": "../node_modules/.pnpm/@shikijs+transformers@1.13.0/node_modules/@shikijs/transformers",
      "link": true
    },
    "node_modules/@shikijs/vitepress-twoslash": {
      "resolved": "../node_modules/.pnpm/@shikijs+vitepress-twoslash@1.13.0_typescript@5.5.4/node_modules/@shikijs/vitepress-twoslash",
      "link": true
    },
    "node_modules/@vitejs/plugin-vue-jsx": {
      "resolved": "../node_modules/.pnpm/@vitejs+plugin-vue-jsx@4.0.1_vite@5.4.0_@types+node@22.3.0_less@4.2.0_lightningcss@1.25.1_sas_pfcfzd3eddhqbsz6viih4oe43u/node_modules/@vitejs/plugin-vue-jsx",
      "link": true
    },
    "node_modules/prettier": {
      "resolved": "../node_modules/.pnpm/prettier@2.8.8/node_modules/prettier",
      "link": true
    },
    "node_modules/sharp": {
      "resolved": "../node_modules/.pnpm/sharp@0.33.4/node_modules/sharp",
      "link": true
    },
    "node_modules/shiki": {
      "resolved": "../node_modules/.pnpm/shiki@1.13.0/node_modules/shiki",
      "link": true
    },
    "node_modules/unocss": {
      "resolved": "../node_modules/.pnpm/unocss@0.62.1_postcss@8.4.40_rollup@4.19.1_vite@5.4.0_@types+node@22.3.0_less@4.2.0_lightning_se3vxzk7zchy2vjtk4w5woki7u/node_modules/unocss",
      "link": true
    },
    "node_modules/vite": {
      "resolved": "../node_modules/.pnpm/vite@5.4.0_@types+node@22.3.0_less@4.2.0_lightningcss@1.25.1_sass@1.77.8_terser@5.31.3/node_modules/vite",
      "link": true
    },
    "node_modules/vitepress": {
      "resolved": "../node_modules/.pnpm/vitepress@1.3.2_@algolia+client-search@4.24.0_@types+node@22.3.0_@types+react@18.3.3_less@4.2_uzh37xdnuxjzy4nmfnfckuooju/node_modules/vitepress",
      "link": true
    },
    "node_modules/vue": {
      "resolved": "../node_modules/.pnpm/vue@3.4.37_typescript@5.5.4/node_modules/vue",
      "link": true
    }
  }
}
